
Microsoft Visual Studio Solution File, Format Version 11.00
# Visual Studio 2010
Project("{FAE04EC0-301F-11D3-BF4B-00C04F79EFBC}") = "rabbitmq-clustering", "rabbitmq-clustering.csproj", "{1322CA8A-CB54-4B1E-8DAB-930D78D2357B}"
EndProject
Global
	GlobalSection(SolutionConfigurationPlatforms) = preSolution
		Debug|Any CPU = Debug|Any CPU
		Release|Any CPU = Release|Any CPU
	EndGlobalSection
	GlobalSection(ProjectConfigurationPlatforms) = postSolution
		{1322CA8A-CB54-4B1E-8DAB-930D78D2357B}.Debug|Any CPU.ActiveCfg = Debug|Any CPU
		{1322CA8A-CB54-4B1E-8DAB-930D78D2357B}.Debug|Any CPU.Build.0 = Debug|Any CPU
		{1322CA8A-CB54-4B1E-8DAB-930D78D2357B}.Release|Any CPU.ActiveCfg = Release|Any CPU
		{1322CA8A-CB54-4B1E-8DAB-930D78D2357B}.Release|Any CPU.Build.0 = Release|Any CPU
	EndGlobalSection
	GlobalSection(SolutionProperties) = preSolution
		HideSolutionNode = FALSE
	EndGlobalSection
EndGlobal
